
Microsoft Visual Studio Solution File, Format Version 12.00
# Visual Studio Version 17
VisualStudioVersion = 17.5.33414.496
MinimumVisualStudioVersion = 10.0.40219.1
Project("{9A19103F-16F7-4668-BE54-9A1E7A4F7556}") = "AttendanceManagement.Api", "AttendanceManagement.Api\AttendanceManagement.Api.csproj", "{90C6E498-8BF9-40B3-9955-AF8BA912A486}"
EndProject
Project("{54A90642-561A-4BB1-A94E-469ADEE60C69}") = "attendancemanagement.clientapp", "AttendanceManagement.ClientApp\attendancemanagement.clientapp.esproj", "{DF673A7F-F991-47AE-A622-8DA43A3C33A6}"
EndProject
Global
	GlobalSection(SolutionConfigurationPlatforms) = preSolution
		Debug|Any CPU = Debug|Any CPU
		Release|Any CPU = Release|Any CPU
	EndGlobalSection
	GlobalSection(ProjectConfigurationPlatforms) = postSolution
		{90C6E498-8BF9-40B3-9955-AF8BA912A486}.Debug|Any CPU.ActiveCfg = Debug|Any CPU
		{90C6E498-8BF9-40B3-9955-AF8BA912A486}.Debug|Any CPU.Build.0 = Debug|Any CPU
		{90C6E498-8BF9-40B3-9955-AF8BA912A486}.Release|Any CPU.ActiveCfg = Release|Any CPU
		{90C6E498-8BF9-40B3-9955-AF8BA912A486}.Release|Any CPU.Build.0 = Release|Any CPU
		{DF673A7F-F991-47AE-A622-8DA43A3C33A6}.Debug|Any CPU.ActiveCfg = Debug|Any CPU
		{DF673A7F-F991-47AE-A622-8DA43A3C33A6}.Debug|Any CPU.Build.0 = Debug|Any CPU
		{DF673A7F-F991-47AE-A622-8DA43A3C33A6}.Debug|Any CPU.Deploy.0 = Debug|Any CPU
		{DF673A7F-F991-47AE-A622-8DA43A3C33A6}.Release|Any CPU.ActiveCfg = Release|Any CPU
		{DF673A7F-F991-47AE-A622-8DA43A3C33A6}.Release|Any CPU.Build.0 = Release|Any CPU
		{DF673A7F-F991-47AE-A622-8DA43A3C33A6}.Release|Any CPU.Deploy.0 = Release|Any CPU
	EndGlobalSection
	GlobalSection(SolutionProperties) = preSolution
		HideSolutionNode = FALSE
	EndGlobalSection
	GlobalSection(ExtensibilityGlobals) = postSolution
		SolutionGuid = {DFF09C8E-C586-44D7-94C2-B702F9F7BF3D}
	EndGlobalSection
EndGlobal
